
Microsoft Visual Studio Solution File, Format Version 12.00
# Visual Studio 15
VisualStudioVersion = 15.0.27004.2002
MinimumVisualStudioVersion = 10.0.40219.1
Project("{FAE04EC0-301F-11D3-BF4B-00C04F79EFBC}") = "Calculator", "Calculator\Calculator.csproj", "{0315BFCD-3A2A-4834-B6D9-519096F0EBF7}"
EndProject
Project("{FAE04EC0-301F-11D3-BF4B-00C04F79EFBC}") = "TestsProject", "TestsProject\TestsProject.csproj", "{C3D29C94-5D80-4FB5-83AC-4B7203B9CE52}"
EndProject
Project("{FAE04EC0-301F-11D3-BF4B-00C04F79EFBC}") = "MyListRealization", "MyListRealization\MyListRealization.csproj", "{3FA64A81-F4DA-481E-A9A9-7E543ADDF101}"
EndProject
Global
	GlobalSection(SolutionConfigurationPlatforms) = preSolution
		Debug|Any CPU = Debug|Any CPU
		Release|Any CPU = Release|Any CPU
	EndGlobalSection
	GlobalSection(ProjectConfigurationPlatforms) = postSolution
		{0315BFCD-3A2A-4834-B6D9-519096F0EBF7}.Debug|Any CPU.ActiveCfg = Debug|Any CPU
		{0315BFCD-3A2A-4834-B6D9-519096F0EBF7}.Debug|Any CPU.Build.0 = Debug|Any CPU
		{0315BFCD-3A2A-4834-B6D9-519096F0EBF7}.Release|Any CPU.ActiveCfg = Release|Any CPU
		{0315BFCD-3A2A-4834-B6D9-519096F0EBF7}.Release|Any CPU.Build.0 = Release|Any CPU
		{C3D29C94-5D80-4FB5-83AC-4B7203B9CE52}.Debug|Any CPU.ActiveCfg = Debug|Any CPU
		{C3D29C94-5D80-4FB5-83AC-4B7203B9CE52}.Debug|Any CPU.Build.0 = Debug|Any CPU
		{C3D29C94-5D80-4FB5-83AC-4B7203B9CE52}.Release|Any CPU.ActiveCfg = Release|Any CPU
		{C3D29C94-5D80-4FB5-83AC-4B7203B9CE52}.Release|Any CPU.Build.0 = Release|Any CPU
		{3FA64A81-F4DA-481E-A9A9-7E543ADDF101}.Debug|Any CPU.ActiveCfg = Debug|Any CPU
		{3FA64A81-F4DA-481E-A9A9-7E543ADDF101}.Debug|Any CPU.Build.0 = Debug|Any CPU
		{3FA64A81-F4DA-481E-A9A9-7E543ADDF101}.Release|Any CPU.ActiveCfg = Release|Any CPU
		{3FA64A81-F4DA-481E-A9A9-7E543ADDF101}.Release|Any CPU.Build.0 = Release|Any CPU
	EndGlobalSection
	GlobalSection(SolutionProperties) = preSolution
		HideSolutionNode = FALSE
	EndGlobalSection
	GlobalSection(ExtensibilityGlobals) = postSolution
		SolutionGuid = {0BC60031-FC74-41CC-AA6D-51BC20214E0B}
	EndGlobalSection
EndGlobal
